
Microsoft Visual Studio Solution File, Format Version 11.00
# Visual Studio 2010
Project("{FAE04EC0-301F-11D3-BF4B-00C04F79EFBC}") = "WeightData.Terminal", "WeightData.Terminal\WeightData.Terminal.csproj", "{21E1E785-E765-46AB-9931-F052A62E4924}"
EndProject
Project("{FAE04EC0-301F-11D3-BF4B-00C04F79EFBC}") = "WindowsLogger", "LIB\WindowsLogger\WindowsLogger.csproj", "{72F454FE-667E-48F6-8763-6FAD3915C542}"
EndProject
Global
	GlobalSection(SolutionConfigurationPlatforms) = preSolution
		Debug|Any CPU = Debug|Any CPU
		Debug|Mixed Platforms = Debug|Mixed Platforms
		Debug|x86 = Debug|x86
		Release|Any CPU = Release|Any CPU
		Release|Mixed Platforms = Release|Mixed Platforms
		Release|x86 = Release|x86
	EndGlobalSection
	GlobalSection(ProjectConfigurationPlatforms) = postSolution
		{21E1E785-E765-46AB-9931-F052A62E4924}.Debug|Any CPU.ActiveCfg = Debug|x86
		{21E1E785-E765-46AB-9931-F052A62E4924}.Debug|Mixed Platforms.ActiveCfg = Debug|x86
		{21E1E785-E765-46AB-9931-F052A62E4924}.Debug|Mixed Platforms.Build.0 = Debug|x86
		{21E1E785-E765-46AB-9931-F052A62E4924}.Debug|x86.ActiveCfg = Debug|x86
		{21E1E785-E765-46AB-9931-F052A62E4924}.Debug|x86.Build.0 = Debug|x86
		{21E1E785-E765-46AB-9931-F052A62E4924}.Release|Any CPU.ActiveCfg = Release|x86
		{21E1E785-E765-46AB-9931-F052A62E4924}.Release|Mixed Platforms.ActiveCfg = Release|x86
		{21E1E785-E765-46AB-9931-F052A62E4924}.Release|Mixed Platforms.Build.0 = Release|x86
		{21E1E785-E765-46AB-9931-F052A62E4924}.Release|x86.ActiveCfg = Release|x86
		{21E1E785-E765-46AB-9931-F052A62E4924}.Release|x86.Build.0 = Release|x86
		{72F454FE-667E-48F6-8763-6FAD3915C542}.Debug|Any CPU.ActiveCfg = Debug|Any CPU
		{72F454FE-667E-48F6-8763-6FAD3915C542}.Debug|Any CPU.Build.0 = Debug|Any CPU
		{72F454FE-667E-48F6-8763-6FAD3915C542}.Debug|Mixed Platforms.ActiveCfg = Debug|Any CPU
		{72F454FE-667E-48F6-8763-6FAD3915C542}.Debug|Mixed Platforms.Build.0 = Debug|Any CPU
		{72F454FE-667E-48F6-8763-6FAD3915C542}.Debug|x86.ActiveCfg = Debug|Any CPU
		{72F454FE-667E-48F6-8763-6FAD3915C542}.Release|Any CPU.ActiveCfg = Release|Any CPU
		{72F454FE-667E-48F6-8763-6FAD3915C542}.Release|Any CPU.Build.0 = Release|Any CPU
		{72F454FE-667E-48F6-8763-6FAD3915C542}.Release|Mixed Platforms.ActiveCfg = Release|Any CPU
		{72F454FE-667E-48F6-8763-6FAD3915C542}.Release|Mixed Platforms.Build.0 = Release|Any CPU
		{72F454FE-667E-48F6-8763-6FAD3915C542}.Release|x86.ActiveCfg = Release|Any CPU
	EndGlobalSection
	GlobalSection(SolutionProperties) = preSolution
		HideSolutionNode = FALSE
	EndGlobalSection
EndGlobal
