
Microsoft Visual Studio Solution File, Format Version 11.00
# Visual Studio 2010
Project("{FAE04EC0-301F-11D3-BF4B-00C04F79EFBC}") = "ClientApplication", "ClientApplication\ClientApplication.csproj", "{517376B8-6526-42F7-9C2F-E67D277AFEF5}"
	ProjectSection(ProjectDependencies) = postProject
		{1458AC99-D0A9-4D58-A347-64CE2457D69C} = {1458AC99-D0A9-4D58-A347-64CE2457D69C}
	EndProjectSection
EndProject
Project("{FAE04EC0-301F-11D3-BF4B-00C04F79EFBC}") = "ClientApplication.Infrastructure", "ClientApplication.Infrastructure\ClientApplication.Infrastructure.csproj", "{A3735228-28FF-4CCA-9855-2CC64291E11D}"
EndProject
Project("{FAE04EC0-301F-11D3-BF4B-00C04F79EFBC}") = "StorageAPI", "StorageAPI\StorageAPI.csproj", "{833F8AA9-A4B4-4E6F-8FD2-9307CBA7E1C8}"
EndProject
Project("{FAE04EC0-301F-11D3-BF4B-00C04F79EFBC}") = "Storage.Core", "LIB\Storage.Core\Storage.Core.csproj", "{07832E71-86D8-4666-BC12-970C1C8CA1E1}"
EndProject
Project("{2150E333-8FDC-42A3-9474-1A3956D46DE8}") = "LIB", "LIB", "{6C45D03C-5C7B-43AF-973A-F938035D7304}"
EndProject
Project("{FAE04EC0-301F-11D3-BF4B-00C04F79EFBC}") = "WPF.Patterns", "LIB\WPF.Patterns\WPF.Patterns.csproj", "{82F61BFF-F9A4-451D-A5DE-F68363AD1DC2}"
EndProject
Project("{FAE04EC0-301F-11D3-BF4B-00C04F79EFBC}") = "WeighData.Module", "WeighData.Module\WeighData.Module.csproj", "{1458AC99-D0A9-4D58-A347-64CE2457D69C}"
EndProject
Project("{FAE04EC0-301F-11D3-BF4B-00C04F79EFBC}") = "CameraNavigator.Module", "CameraNavigator.Module\CameraNavigator.Module.csproj", "{5BB2E369-A743-4F2D-BA18-5622C98F33DD}"
EndProject
Project("{2150E333-8FDC-42A3-9474-1A3956D46DE8}") = "APP", "APP", "{97698DBD-1ADA-4D19-BA08-2F0366999AB3}"
EndProject
Project("{2150E333-8FDC-42A3-9474-1A3956D46DE8}") = "MODEL", "MODEL", "{3307722A-8856-46A5-A130-91B02A92872E}"
EndProject
Project("{2150E333-8FDC-42A3-9474-1A3956D46DE8}") = "MODULES", "MODULES", "{1020752D-E97E-4A3C-B94D-986A291FED2B}"
EndProject
Project("{FAE04EC0-301F-11D3-BF4B-00C04F79EFBC}") = "CameraController", "CameraController\CameraController.csproj", "{F1246A66-BA11-45A6-8F3B-7B8A1F39ECCA}"
EndProject
Project("{2150E333-8FDC-42A3-9474-1A3956D46DE8}") = "TESTS", "TESTS", "{6F27FADA-9D58-4FA4-B19A-4F1197A78391}"
EndProject
Project("{FAE04EC0-301F-11D3-BF4B-00C04F79EFBC}") = "TestCameraNavigator", "Tests\TestCameraNavigator\TestCameraNavigator.csproj", "{20B16C37-749B-4D78-B70A-6F76661E0B38}"
EndProject
Project("{2150E333-8FDC-42A3-9474-1A3956D46DE8}") = "Solution Items", "Solution Items", "{0F08E451-821C-44BD-8E72-5DCF8421D66F}"
	ProjectSection(SolutionItems) = preProject
		Local.testsettings = Local.testsettings
		Minatron.vsmdi = Minatron.vsmdi
		TraceAndTestImpact.testsettings = TraceAndTestImpact.testsettings
	EndProjectSection
EndProject
Project("{FAE04EC0-301F-11D3-BF4B-00C04F79EFBC}") = "WeightDataTest.Module", "WeightDataTest.Module\WeightDataTest.Module.csproj", "{E96A70FE-449A-4101-B0FD-336D59F31450}"
EndProject
Global
	GlobalSection(TestCaseManagementSettings) = postSolution
		CategoryFile = Minatron.vsmdi
	EndGlobalSection
	GlobalSection(SolutionConfigurationPlatforms) = preSolution
		Debug|Any CPU = Debug|Any CPU
		Debug|Mixed Platforms = Debug|Mixed Platforms
		Debug|x86 = Debug|x86
		Release|Any CPU = Release|Any CPU
		Release|Mixed Platforms = Release|Mixed Platforms
		Release|x86 = Release|x86
	EndGlobalSection
	GlobalSection(ProjectConfigurationPlatforms) = postSolution
		{517376B8-6526-42F7-9C2F-E67D277AFEF5}.Debug|Any CPU.ActiveCfg = Debug|x86
		{517376B8-6526-42F7-9C2F-E67D277AFEF5}.Debug|Mixed Platforms.ActiveCfg = Debug|x86
		{517376B8-6526-42F7-9C2F-E67D277AFEF5}.Debug|Mixed Platforms.Build.0 = Debug|x86
		{517376B8-6526-42F7-9C2F-E67D277AFEF5}.Debug|x86.ActiveCfg = Debug|x86
		{517376B8-6526-42F7-9C2F-E67D277AFEF5}.Debug|x86.Build.0 = Debug|x86
		{517376B8-6526-42F7-9C2F-E67D277AFEF5}.Release|Any CPU.ActiveCfg = Release|x86
		{517376B8-6526-42F7-9C2F-E67D277AFEF5}.Release|Mixed Platforms.ActiveCfg = Release|x86
		{517376B8-6526-42F7-9C2F-E67D277AFEF5}.Release|Mixed Platforms.Build.0 = Release|x86
		{517376B8-6526-42F7-9C2F-E67D277AFEF5}.Release|x86.ActiveCfg = Release|x86
		{517376B8-6526-42F7-9C2F-E67D277AFEF5}.Release|x86.Build.0 = Release|x86
		{A3735228-28FF-4CCA-9855-2CC64291E11D}.Debug|Any CPU.ActiveCfg = Debug|Any CPU
		{A3735228-28FF-4CCA-9855-2CC64291E11D}.Debug|Any CPU.Build.0 = Debug|Any CPU
		{A3735228-28FF-4CCA-9855-2CC64291E11D}.Debug|Mixed Platforms.ActiveCfg = Debug|Any CPU
		{A3735228-28FF-4CCA-9855-2CC64291E11D}.Debug|Mixed Platforms.Build.0 = Debug|Any CPU
		{A3735228-28FF-4CCA-9855-2CC64291E11D}.Debug|x86.ActiveCfg = Debug|Any CPU
		{A3735228-28FF-4CCA-9855-2CC64291E11D}.Release|Any CPU.ActiveCfg = Release|Any CPU
		{A3735228-28FF-4CCA-9855-2CC64291E11D}.Release|Any CPU.Build.0 = Release|Any CPU
		{A3735228-28FF-4CCA-9855-2CC64291E11D}.Release|Mixed Platforms.ActiveCfg = Release|Any CPU
		{A3735228-28FF-4CCA-9855-2CC64291E11D}.Release|Mixed Platforms.Build.0 = Release|Any CPU
		{A3735228-28FF-4CCA-9855-2CC64291E11D}.Release|x86.ActiveCfg = Release|Any CPU
		{833F8AA9-A4B4-4E6F-8FD2-9307CBA7E1C8}.Debug|Any CPU.ActiveCfg = Debug|Any CPU
		{833F8AA9-A4B4-4E6F-8FD2-9307CBA7E1C8}.Debug|Any CPU.Build.0 = Debug|Any CPU
		{833F8AA9-A4B4-4E6F-8FD2-9307CBA7E1C8}.Debug|Mixed Platforms.ActiveCfg = Debug|Any CPU
		{833F8AA9-A4B4-4E6F-8FD2-9307CBA7E1C8}.Debug|Mixed Platforms.Build.0 = Debug|Any CPU
		{833F8AA9-A4B4-4E6F-8FD2-9307CBA7E1C8}.Debug|x86.ActiveCfg = Debug|Any CPU
		{833F8AA9-A4B4-4E6F-8FD2-9307CBA7E1C8}.Release|Any CPU.ActiveCfg = Release|Any CPU
		{833F8AA9-A4B4-4E6F-8FD2-9307CBA7E1C8}.Release|Any CPU.Build.0 = Release|Any CPU
		{833F8AA9-A4B4-4E6F-8FD2-9307CBA7E1C8}.Release|Mixed Platforms.ActiveCfg = Release|Any CPU
		{833F8AA9-A4B4-4E6F-8FD2-9307CBA7E1C8}.Release|Mixed Platforms.Build.0 = Release|Any CPU
		{833F8AA9-A4B4-4E6F-8FD2-9307CBA7E1C8}.Release|x86.ActiveCfg = Release|Any CPU
		{07832E71-86D8-4666-BC12-970C1C8CA1E1}.Debug|Any CPU.ActiveCfg = Debug|Any CPU
		{07832E71-86D8-4666-BC12-970C1C8CA1E1}.Debug|Any CPU.Build.0 = Debug|Any CPU
		{07832E71-86D8-4666-BC12-970C1C8CA1E1}.Debug|Mixed Platforms.ActiveCfg = Debug|Any CPU
		{07832E71-86D8-4666-BC12-970C1C8CA1E1}.Debug|Mixed Platforms.Build.0 = Debug|Any CPU
		{07832E71-86D8-4666-BC12-970C1C8CA1E1}.Debug|x86.ActiveCfg = Debug|Any CPU
		{07832E71-86D8-4666-BC12-970C1C8CA1E1}.Release|Any CPU.ActiveCfg = Release|Any CPU
		{07832E71-86D8-4666-BC12-970C1C8CA1E1}.Release|Any CPU.Build.0 = Release|Any CPU
		{07832E71-86D8-4666-BC12-970C1C8CA1E1}.Release|Mixed Platforms.ActiveCfg = Release|Any CPU
		{07832E71-86D8-4666-BC12-970C1C8CA1E1}.Release|Mixed Platforms.Build.0 = Release|Any CPU
		{07832E71-86D8-4666-BC12-970C1C8CA1E1}.Release|x86.ActiveCfg = Release|Any CPU
		{82F61BFF-F9A4-451D-A5DE-F68363AD1DC2}.Debug|Any CPU.ActiveCfg = Debug|Any CPU
		{82F61BFF-F9A4-451D-A5DE-F68363AD1DC2}.Debug|Any CPU.Build.0 = Debug|Any CPU
		{82F61BFF-F9A4-451D-A5DE-F68363AD1DC2}.Debug|Mixed Platforms.ActiveCfg = Debug|Any CPU
		{82F61BFF-F9A4-451D-A5DE-F68363AD1DC2}.Debug|Mixed Platforms.Build.0 = Debug|Any CPU
		{82F61BFF-F9A4-451D-A5DE-F68363AD1DC2}.Debug|x86.ActiveCfg = Debug|Any CPU
		{82F61BFF-F9A4-451D-A5DE-F68363AD1DC2}.Release|Any CPU.ActiveCfg = Release|Any CPU
		{82F61BFF-F9A4-451D-A5DE-F68363AD1DC2}.Release|Any CPU.Build.0 = Release|Any CPU
		{82F61BFF-F9A4-451D-A5DE-F68363AD1DC2}.Release|Mixed Platforms.ActiveCfg = Release|Any CPU
		{82F61BFF-F9A4-451D-A5DE-F68363AD1DC2}.Release|Mixed Platforms.Build.0 = Release|Any CPU
		{82F61BFF-F9A4-451D-A5DE-F68363AD1DC2}.Release|x86.ActiveCfg = Release|Any CPU
		{1458AC99-D0A9-4D58-A347-64CE2457D69C}.Debug|Any CPU.ActiveCfg = Debug|Any CPU
		{1458AC99-D0A9-4D58-A347-64CE2457D69C}.Debug|Any CPU.Build.0 = Debug|Any CPU
		{1458AC99-D0A9-4D58-A347-64CE2457D69C}.Debug|Mixed Platforms.ActiveCfg = Debug|Any CPU
		{1458AC99-D0A9-4D58-A347-64CE2457D69C}.Debug|Mixed Platforms.Build.0 = Debug|Any CPU
		{1458AC99-D0A9-4D58-A347-64CE2457D69C}.Debug|x86.ActiveCfg = Debug|Any CPU
		{1458AC99-D0A9-4D58-A347-64CE2457D69C}.Release|Any CPU.ActiveCfg = Release|Any CPU
		{1458AC99-D0A9-4D58-A347-64CE2457D69C}.Release|Any CPU.Build.0 = Release|Any CPU
		{1458AC99-D0A9-4D58-A347-64CE2457D69C}.Release|Mixed Platforms.ActiveCfg = Release|Any CPU
		{1458AC99-D0A9-4D58-A347-64CE2457D69C}.Release|Mixed Platforms.Build.0 = Release|Any CPU
		{1458AC99-D0A9-4D58-A347-64CE2457D69C}.Release|x86.ActiveCfg = Release|Any CPU
		{5BB2E369-A743-4F2D-BA18-5622C98F33DD}.Debug|Any CPU.ActiveCfg = Debug|Any CPU
		{5BB2E369-A743-4F2D-BA18-5622C98F33DD}.Debug|Any CPU.Build.0 = Debug|Any CPU
		{5BB2E369-A743-4F2D-BA18-5622C98F33DD}.Debug|Mixed Platforms.ActiveCfg = Debug|Any CPU
		{5BB2E369-A743-4F2D-BA18-5622C98F33DD}.Debug|Mixed Platforms.Build.0 = Debug|Any CPU
		{5BB2E369-A743-4F2D-BA18-5622C98F33DD}.Debug|x86.ActiveCfg = Debug|Any CPU
		{5BB2E369-A743-4F2D-BA18-5622C98F33DD}.Release|Any CPU.ActiveCfg = Release|Any CPU
		{5BB2E369-A743-4F2D-BA18-5622C98F33DD}.Release|Any CPU.Build.0 = Release|Any CPU
		{5BB2E369-A743-4F2D-BA18-5622C98F33DD}.Release|Mixed Platforms.ActiveCfg = Release|Any CPU
		{5BB2E369-A743-4F2D-BA18-5622C98F33DD}.Release|Mixed Platforms.Build.0 = Release|Any CPU
		{5BB2E369-A743-4F2D-BA18-5622C98F33DD}.Release|x86.ActiveCfg = Release|Any CPU
		{F1246A66-BA11-45A6-8F3B-7B8A1F39ECCA}.Debug|Any CPU.ActiveCfg = Debug|Any CPU
		{F1246A66-BA11-45A6-8F3B-7B8A1F39ECCA}.Debug|Any CPU.Build.0 = Debug|Any CPU
		{F1246A66-BA11-45A6-8F3B-7B8A1F39ECCA}.Debug|Mixed Platforms.ActiveCfg = Debug|Any CPU
		{F1246A66-BA11-45A6-8F3B-7B8A1F39ECCA}.Debug|Mixed Platforms.Build.0 = Debug|Any CPU
		{F1246A66-BA11-45A6-8F3B-7B8A1F39ECCA}.Debug|x86.ActiveCfg = Debug|Any CPU
		{F1246A66-BA11-45A6-8F3B-7B8A1F39ECCA}.Release|Any CPU.ActiveCfg = Release|Any CPU
		{F1246A66-BA11-45A6-8F3B-7B8A1F39ECCA}.Release|Any CPU.Build.0 = Release|Any CPU
		{F1246A66-BA11-45A6-8F3B-7B8A1F39ECCA}.Release|Mixed Platforms.ActiveCfg = Release|Any CPU
		{F1246A66-BA11-45A6-8F3B-7B8A1F39ECCA}.Release|Mixed Platforms.Build.0 = Release|Any CPU
		{F1246A66-BA11-45A6-8F3B-7B8A1F39ECCA}.Release|x86.ActiveCfg = Release|Any CPU
		{20B16C37-749B-4D78-B70A-6F76661E0B38}.Debug|Any CPU.ActiveCfg = Debug|Any CPU
		{20B16C37-749B-4D78-B70A-6F76661E0B38}.Debug|Any CPU.Build.0 = Debug|Any CPU
		{20B16C37-749B-4D78-B70A-6F76661E0B38}.Debug|Mixed Platforms.ActiveCfg = Debug|Any CPU
		{20B16C37-749B-4D78-B70A-6F76661E0B38}.Debug|Mixed Platforms.Build.0 = Debug|Any CPU
		{20B16C37-749B-4D78-B70A-6F76661E0B38}.Debug|x86.ActiveCfg = Debug|Any CPU
		{20B16C37-749B-4D78-B70A-6F76661E0B38}.Release|Any CPU.ActiveCfg = Release|Any CPU
		{20B16C37-749B-4D78-B70A-6F76661E0B38}.Release|Any CPU.Build.0 = Release|Any CPU
		{20B16C37-749B-4D78-B70A-6F76661E0B38}.Release|Mixed Platforms.ActiveCfg = Release|Any CPU
		{20B16C37-749B-4D78-B70A-6F76661E0B38}.Release|Mixed Platforms.Build.0 = Release|Any CPU
		{20B16C37-749B-4D78-B70A-6F76661E0B38}.Release|x86.ActiveCfg = Release|Any CPU
		{E96A70FE-449A-4101-B0FD-336D59F31450}.Debug|Any CPU.ActiveCfg = Debug|Any CPU
		{E96A70FE-449A-4101-B0FD-336D59F31450}.Debug|Any CPU.Build.0 = Debug|Any CPU
		{E96A70FE-449A-4101-B0FD-336D59F31450}.Debug|Mixed Platforms.ActiveCfg = Debug|Any CPU
		{E96A70FE-449A-4101-B0FD-336D59F31450}.Debug|Mixed Platforms.Build.0 = Debug|Any CPU
		{E96A70FE-449A-4101-B0FD-336D59F31450}.Debug|x86.ActiveCfg = Debug|Any CPU
		{E96A70FE-449A-4101-B0FD-336D59F31450}.Release|Any CPU.ActiveCfg = Release|Any CPU
		{E96A70FE-449A-4101-B0FD-336D59F31450}.Release|Any CPU.Build.0 = Release|Any CPU
		{E96A70FE-449A-4101-B0FD-336D59F31450}.Release|Mixed Platforms.ActiveCfg = Release|Any CPU
		{E96A70FE-449A-4101-B0FD-336D59F31450}.Release|Mixed Platforms.Build.0 = Release|Any CPU
		{E96A70FE-449A-4101-B0FD-336D59F31450}.Release|x86.ActiveCfg = Release|Any CPU
	EndGlobalSection
	GlobalSection(SolutionProperties) = preSolution
		HideSolutionNode = FALSE
	EndGlobalSection
	GlobalSection(NestedProjects) = preSolution
		{A3735228-28FF-4CCA-9855-2CC64291E11D} = {97698DBD-1ADA-4D19-BA08-2F0366999AB3}
		{517376B8-6526-42F7-9C2F-E67D277AFEF5} = {97698DBD-1ADA-4D19-BA08-2F0366999AB3}
		{833F8AA9-A4B4-4E6F-8FD2-9307CBA7E1C8} = {3307722A-8856-46A5-A130-91B02A92872E}
		{F1246A66-BA11-45A6-8F3B-7B8A1F39ECCA} = {3307722A-8856-46A5-A130-91B02A92872E}
		{07832E71-86D8-4666-BC12-970C1C8CA1E1} = {6C45D03C-5C7B-43AF-973A-F938035D7304}
		{82F61BFF-F9A4-451D-A5DE-F68363AD1DC2} = {6C45D03C-5C7B-43AF-973A-F938035D7304}
		{5BB2E369-A743-4F2D-BA18-5622C98F33DD} = {1020752D-E97E-4A3C-B94D-986A291FED2B}
		{1458AC99-D0A9-4D58-A347-64CE2457D69C} = {1020752D-E97E-4A3C-B94D-986A291FED2B}
		{E96A70FE-449A-4101-B0FD-336D59F31450} = {1020752D-E97E-4A3C-B94D-986A291FED2B}
		{20B16C37-749B-4D78-B70A-6F76661E0B38} = {6F27FADA-9D58-4FA4-B19A-4F1197A78391}
		{0F08E451-821C-44BD-8E72-5DCF8421D66F} = {6F27FADA-9D58-4FA4-B19A-4F1197A78391}
	EndGlobalSection
EndGlobal
