
Microsoft Visual Studio Solution File, Format Version 11.00
# Visual Studio 2010
Project("{2150E333-8FDC-42A3-9474-1A3956D46DE8}") = "Lib", "Lib", "{5BD64AB3-4253-4710-9B59-83A1187E285B}"
EndProject
Project("{2150E333-8FDC-42A3-9474-1A3956D46DE8}") = "GUI.Infrastructure", "GUI.Infrastructure", "{52700ADE-E46C-4CAE-9709-E34C1712B486}"
EndProject
Project("{FAE04EC0-301F-11D3-BF4B-00C04F79EFBC}") = "ImagesStoreSystem", "ImagesStoreSystem.csproj", "{D1EF2828-4BB6-496D-BB21-951B6FA9FA83}"
EndProject
Project("{FAE04EC0-301F-11D3-BF4B-00C04F79EFBC}") = "ImagesStoreSystem.DBProvider", "..\..\LIB\ImagesStoreSystem\ImagesStoreSystem.DBProvider\ImagesStoreSystem.DBProvider.csproj", "{7FA8BE19-34C6-49B3-8C04-6E7F70736995}"
EndProject
Project("{FAE04EC0-301F-11D3-BF4B-00C04F79EFBC}") = "LocalizationLibrary", "..\..\LIB\WPF\LacalizationLibrary\LocalizationLibrary.csproj", "{BA260E07-3E04-4EE2-8E62-A0B66480DCD6}"
EndProject
Project("{FAE04EC0-301F-11D3-BF4B-00C04F79EFBC}") = "PatternLibrary", "..\..\LIB\WPF\PatternLibrary\PatternLibrary.csproj", "{1A2FED2B-106B-4951-B8C6-B00AFEE7B3D4}"
EndProject
Project("{2150E333-8FDC-42A3-9474-1A3956D46DE8}") = "GUI.Modules", "GUI.Modules", "{F42BB424-FB57-4334-87C6-7D813B1DFDC4}"
EndProject
Project("{FAE04EC0-301F-11D3-BF4B-00C04F79EFBC}") = "ImageStoreSystem.Infrastructure", "Infrastructure\ImageStoreSystem.Infrastructure\ImageStoreSystem.Infrastructure.csproj", "{A47D498D-E125-45FD-9603-4DC08ED492B9}"
EndProject
Project("{FAE04EC0-301F-11D3-BF4B-00C04F79EFBC}") = "SettingsModule", "Modules\SettingsModule\SettingsModule.csproj", "{C5569A93-34D9-4307-B601-BADA38ED665C}"
EndProject
Project("{2150E333-8FDC-42A3-9474-1A3956D46DE8}") = "Storage.MSSQL", "Storage.MSSQL", "{A52D6004-D9F7-43D9-B84A-E00A0C3FD2A0}"
	ProjectSection(SolutionItems) = preProject
		..\..\LIB\ImagesStoreSystem\ImagesStoreSystem.DBProvider\MSSQL\ClearDB.sql = ..\..\LIB\ImagesStoreSystem\ImagesStoreSystem.DBProvider\MSSQL\ClearDB.sql
		..\..\LIB\ImagesStoreSystem\ImagesStoreSystem.DBProvider\MSSQL\CreateDB.sql = ..\..\LIB\ImagesStoreSystem\ImagesStoreSystem.DBProvider\MSSQL\CreateDB.sql
		..\..\LIB\ImagesStoreSystem\ImagesStoreSystem.DBProvider\MSSQL\DB.sql = ..\..\LIB\ImagesStoreSystem\ImagesStoreSystem.DBProvider\MSSQL\DB.sql
	EndProjectSection
EndProject
Project("{2150E333-8FDC-42A3-9474-1A3956D46DE8}") = "Storage.Modules", "Storage.Modules", "{60A92E2C-931D-4C05-B3CF-3A12289F9820}"
EndProject
Project("{FAE04EC0-301F-11D3-BF4B-00C04F79EFBC}") = "StorageModule", "Modules\StorageModule\StorageModule.csproj", "{5DBDA689-2BD2-422E-B130-B05D5A2E56DF}"
EndProject
Project("{2150E333-8FDC-42A3-9474-1A3956D46DE8}") = "TESTS", "TESTS", "{1BF3F6C8-C54E-4520-9B3D-DBA39C1B02B0}"
EndProject
Project("{FAE04EC0-301F-11D3-BF4B-00C04F79EFBC}") = "Settings.Infrastucture", "..\..\LIB\ImagesStoreSystem\Settings.Infrastucture\Settings.Infrastucture.csproj", "{84590685-DA6D-4EC2-B91E-964572A2E3FA}"
EndProject
Project("{FAE04EC0-301F-11D3-BF4B-00C04F79EFBC}") = "CommonObjects", "Modules\CommonObjects\CommonObjects.csproj", "{CDA41BA8-5689-4DFC-9DB3-0556CBCC9346}"
EndProject
Project("{FAE04EC0-301F-11D3-BF4B-00C04F79EFBC}") = "ReceivePlanModule", "Modules\ReceivePlanModule\ReceivePlanModule.csproj", "{767ED1B4-57F0-42AF-B3B7-59E44532ECA5}"
EndProject
Project("{FAE04EC0-301F-11D3-BF4B-00C04F79EFBC}") = "DictionaryModule", "Modules\DictionaryModule\DictionaryModule.csproj", "{4D8BBEEF-42D9-45FA-97A3-A4F62D0A3F0E}"
EndProject
Global
	GlobalSection(TestCaseManagementSettings) = postSolution
		CategoryFile = ImagesStoreSystem.vsmdi
	EndGlobalSection
	GlobalSection(SolutionConfigurationPlatforms) = preSolution
		Debug|Any CPU = Debug|Any CPU
		Debug|Mixed Platforms = Debug|Mixed Platforms
		Debug|x86 = Debug|x86
		Release|Any CPU = Release|Any CPU
		Release|Mixed Platforms = Release|Mixed Platforms
		Release|x86 = Release|x86
	EndGlobalSection
	GlobalSection(ProjectConfigurationPlatforms) = postSolution
		{D1EF2828-4BB6-496D-BB21-951B6FA9FA83}.Debug|Any CPU.ActiveCfg = Debug|Any CPU
		{D1EF2828-4BB6-496D-BB21-951B6FA9FA83}.Debug|Any CPU.Build.0 = Debug|Any CPU
		{D1EF2828-4BB6-496D-BB21-951B6FA9FA83}.Debug|Mixed Platforms.ActiveCfg = Debug|Any CPU
		{D1EF2828-4BB6-496D-BB21-951B6FA9FA83}.Debug|Mixed Platforms.Build.0 = Debug|Any CPU
		{D1EF2828-4BB6-496D-BB21-951B6FA9FA83}.Debug|x86.ActiveCfg = Debug|Any CPU
		{D1EF2828-4BB6-496D-BB21-951B6FA9FA83}.Release|Any CPU.ActiveCfg = Release|Any CPU
		{D1EF2828-4BB6-496D-BB21-951B6FA9FA83}.Release|Any CPU.Build.0 = Release|Any CPU
		{D1EF2828-4BB6-496D-BB21-951B6FA9FA83}.Release|Mixed Platforms.ActiveCfg = Release|Any CPU
		{D1EF2828-4BB6-496D-BB21-951B6FA9FA83}.Release|Mixed Platforms.Build.0 = Release|Any CPU
		{D1EF2828-4BB6-496D-BB21-951B6FA9FA83}.Release|x86.ActiveCfg = Release|Any CPU
		{7FA8BE19-34C6-49B3-8C04-6E7F70736995}.Debug|Any CPU.ActiveCfg = Debug|Any CPU
		{7FA8BE19-34C6-49B3-8C04-6E7F70736995}.Debug|Any CPU.Build.0 = Debug|Any CPU
		{7FA8BE19-34C6-49B3-8C04-6E7F70736995}.Debug|Mixed Platforms.ActiveCfg = Debug|Any CPU
		{7FA8BE19-34C6-49B3-8C04-6E7F70736995}.Debug|Mixed Platforms.Build.0 = Debug|Any CPU
		{7FA8BE19-34C6-49B3-8C04-6E7F70736995}.Debug|x86.ActiveCfg = Debug|Any CPU
		{7FA8BE19-34C6-49B3-8C04-6E7F70736995}.Release|Any CPU.ActiveCfg = Release|Any CPU
		{7FA8BE19-34C6-49B3-8C04-6E7F70736995}.Release|Any CPU.Build.0 = Release|Any CPU
		{7FA8BE19-34C6-49B3-8C04-6E7F70736995}.Release|Mixed Platforms.ActiveCfg = Release|Any CPU
		{7FA8BE19-34C6-49B3-8C04-6E7F70736995}.Release|Mixed Platforms.Build.0 = Release|Any CPU
		{7FA8BE19-34C6-49B3-8C04-6E7F70736995}.Release|x86.ActiveCfg = Release|Any CPU
		{BA260E07-3E04-4EE2-8E62-A0B66480DCD6}.Debug|Any CPU.ActiveCfg = Debug|Any CPU
		{BA260E07-3E04-4EE2-8E62-A0B66480DCD6}.Debug|Any CPU.Build.0 = Debug|Any CPU
		{BA260E07-3E04-4EE2-8E62-A0B66480DCD6}.Debug|Mixed Platforms.ActiveCfg = Debug|Any CPU
		{BA260E07-3E04-4EE2-8E62-A0B66480DCD6}.Debug|Mixed Platforms.Build.0 = Debug|Any CPU
		{BA260E07-3E04-4EE2-8E62-A0B66480DCD6}.Debug|x86.ActiveCfg = Debug|Any CPU
		{BA260E07-3E04-4EE2-8E62-A0B66480DCD6}.Release|Any CPU.ActiveCfg = Release|Any CPU
		{BA260E07-3E04-4EE2-8E62-A0B66480DCD6}.Release|Any CPU.Build.0 = Release|Any CPU
		{BA260E07-3E04-4EE2-8E62-A0B66480DCD6}.Release|Mixed Platforms.ActiveCfg = Release|Any CPU
		{BA260E07-3E04-4EE2-8E62-A0B66480DCD6}.Release|Mixed Platforms.Build.0 = Release|Any CPU
		{BA260E07-3E04-4EE2-8E62-A0B66480DCD6}.Release|x86.ActiveCfg = Release|Any CPU
		{1A2FED2B-106B-4951-B8C6-B00AFEE7B3D4}.Debug|Any CPU.ActiveCfg = Debug|Any CPU
		{1A2FED2B-106B-4951-B8C6-B00AFEE7B3D4}.Debug|Any CPU.Build.0 = Debug|Any CPU
		{1A2FED2B-106B-4951-B8C6-B00AFEE7B3D4}.Debug|Mixed Platforms.ActiveCfg = Debug|Any CPU
		{1A2FED2B-106B-4951-B8C6-B00AFEE7B3D4}.Debug|Mixed Platforms.Build.0 = Debug|Any CPU
		{1A2FED2B-106B-4951-B8C6-B00AFEE7B3D4}.Debug|x86.ActiveCfg = Debug|Any CPU
		{1A2FED2B-106B-4951-B8C6-B00AFEE7B3D4}.Release|Any CPU.ActiveCfg = Release|Any CPU
		{1A2FED2B-106B-4951-B8C6-B00AFEE7B3D4}.Release|Any CPU.Build.0 = Release|Any CPU
		{1A2FED2B-106B-4951-B8C6-B00AFEE7B3D4}.Release|Mixed Platforms.ActiveCfg = Release|Any CPU
		{1A2FED2B-106B-4951-B8C6-B00AFEE7B3D4}.Release|Mixed Platforms.Build.0 = Release|Any CPU
		{1A2FED2B-106B-4951-B8C6-B00AFEE7B3D4}.Release|x86.ActiveCfg = Release|Any CPU
		{A47D498D-E125-45FD-9603-4DC08ED492B9}.Debug|Any CPU.ActiveCfg = Debug|Any CPU
		{A47D498D-E125-45FD-9603-4DC08ED492B9}.Debug|Any CPU.Build.0 = Debug|Any CPU
		{A47D498D-E125-45FD-9603-4DC08ED492B9}.Debug|Mixed Platforms.ActiveCfg = Debug|Any CPU
		{A47D498D-E125-45FD-9603-4DC08ED492B9}.Debug|Mixed Platforms.Build.0 = Debug|Any CPU
		{A47D498D-E125-45FD-9603-4DC08ED492B9}.Debug|x86.ActiveCfg = Debug|Any CPU
		{A47D498D-E125-45FD-9603-4DC08ED492B9}.Release|Any CPU.ActiveCfg = Release|Any CPU
		{A47D498D-E125-45FD-9603-4DC08ED492B9}.Release|Any CPU.Build.0 = Release|Any CPU
		{A47D498D-E125-45FD-9603-4DC08ED492B9}.Release|Mixed Platforms.ActiveCfg = Release|Any CPU
		{A47D498D-E125-45FD-9603-4DC08ED492B9}.Release|Mixed Platforms.Build.0 = Release|Any CPU
		{A47D498D-E125-45FD-9603-4DC08ED492B9}.Release|x86.ActiveCfg = Release|Any CPU
		{C5569A93-34D9-4307-B601-BADA38ED665C}.Debug|Any CPU.ActiveCfg = Debug|Any CPU
		{C5569A93-34D9-4307-B601-BADA38ED665C}.Debug|Any CPU.Build.0 = Debug|Any CPU
		{C5569A93-34D9-4307-B601-BADA38ED665C}.Debug|Mixed Platforms.ActiveCfg = Debug|Any CPU
		{C5569A93-34D9-4307-B601-BADA38ED665C}.Debug|Mixed Platforms.Build.0 = Debug|Any CPU
		{C5569A93-34D9-4307-B601-BADA38ED665C}.Debug|x86.ActiveCfg = Debug|Any CPU
		{C5569A93-34D9-4307-B601-BADA38ED665C}.Release|Any CPU.ActiveCfg = Release|Any CPU
		{C5569A93-34D9-4307-B601-BADA38ED665C}.Release|Any CPU.Build.0 = Release|Any CPU
		{C5569A93-34D9-4307-B601-BADA38ED665C}.Release|Mixed Platforms.ActiveCfg = Release|Any CPU
		{C5569A93-34D9-4307-B601-BADA38ED665C}.Release|Mixed Platforms.Build.0 = Release|Any CPU
		{C5569A93-34D9-4307-B601-BADA38ED665C}.Release|x86.ActiveCfg = Release|Any CPU
		{5DBDA689-2BD2-422E-B130-B05D5A2E56DF}.Debug|Any CPU.ActiveCfg = Debug|Any CPU
		{5DBDA689-2BD2-422E-B130-B05D5A2E56DF}.Debug|Any CPU.Build.0 = Debug|Any CPU
		{5DBDA689-2BD2-422E-B130-B05D5A2E56DF}.Debug|Mixed Platforms.ActiveCfg = Debug|Any CPU
		{5DBDA689-2BD2-422E-B130-B05D5A2E56DF}.Debug|Mixed Platforms.Build.0 = Debug|Any CPU
		{5DBDA689-2BD2-422E-B130-B05D5A2E56DF}.Debug|x86.ActiveCfg = Debug|Any CPU
		{5DBDA689-2BD2-422E-B130-B05D5A2E56DF}.Release|Any CPU.ActiveCfg = Release|Any CPU
		{5DBDA689-2BD2-422E-B130-B05D5A2E56DF}.Release|Any CPU.Build.0 = Release|Any CPU
		{5DBDA689-2BD2-422E-B130-B05D5A2E56DF}.Release|Mixed Platforms.ActiveCfg = Release|Any CPU
		{5DBDA689-2BD2-422E-B130-B05D5A2E56DF}.Release|Mixed Platforms.Build.0 = Release|Any CPU
		{5DBDA689-2BD2-422E-B130-B05D5A2E56DF}.Release|x86.ActiveCfg = Release|Any CPU
		{84590685-DA6D-4EC2-B91E-964572A2E3FA}.Debug|Any CPU.ActiveCfg = Debug|Any CPU
		{84590685-DA6D-4EC2-B91E-964572A2E3FA}.Debug|Any CPU.Build.0 = Debug|Any CPU
		{84590685-DA6D-4EC2-B91E-964572A2E3FA}.Debug|Mixed Platforms.ActiveCfg = Debug|Any CPU
		{84590685-DA6D-4EC2-B91E-964572A2E3FA}.Debug|Mixed Platforms.Build.0 = Debug|Any CPU
		{84590685-DA6D-4EC2-B91E-964572A2E3FA}.Debug|x86.ActiveCfg = Debug|Any CPU
		{84590685-DA6D-4EC2-B91E-964572A2E3FA}.Release|Any CPU.ActiveCfg = Release|Any CPU
		{84590685-DA6D-4EC2-B91E-964572A2E3FA}.Release|Any CPU.Build.0 = Release|Any CPU
		{84590685-DA6D-4EC2-B91E-964572A2E3FA}.Release|Mixed Platforms.ActiveCfg = Release|Any CPU
		{84590685-DA6D-4EC2-B91E-964572A2E3FA}.Release|Mixed Platforms.Build.0 = Release|Any CPU
		{84590685-DA6D-4EC2-B91E-964572A2E3FA}.Release|x86.ActiveCfg = Release|Any CPU
		{CDA41BA8-5689-4DFC-9DB3-0556CBCC9346}.Debug|Any CPU.ActiveCfg = Debug|Any CPU
		{CDA41BA8-5689-4DFC-9DB3-0556CBCC9346}.Debug|Any CPU.Build.0 = Debug|Any CPU
		{CDA41BA8-5689-4DFC-9DB3-0556CBCC9346}.Debug|Mixed Platforms.ActiveCfg = Debug|Any CPU
		{CDA41BA8-5689-4DFC-9DB3-0556CBCC9346}.Debug|Mixed Platforms.Build.0 = Debug|Any CPU
		{CDA41BA8-5689-4DFC-9DB3-0556CBCC9346}.Debug|x86.ActiveCfg = Debug|Any CPU
		{CDA41BA8-5689-4DFC-9DB3-0556CBCC9346}.Release|Any CPU.ActiveCfg = Release|Any CPU
		{CDA41BA8-5689-4DFC-9DB3-0556CBCC9346}.Release|Any CPU.Build.0 = Release|Any CPU
		{CDA41BA8-5689-4DFC-9DB3-0556CBCC9346}.Release|Mixed Platforms.ActiveCfg = Release|Any CPU
		{CDA41BA8-5689-4DFC-9DB3-0556CBCC9346}.Release|Mixed Platforms.Build.0 = Release|Any CPU
		{CDA41BA8-5689-4DFC-9DB3-0556CBCC9346}.Release|x86.ActiveCfg = Release|Any CPU
		{767ED1B4-57F0-42AF-B3B7-59E44532ECA5}.Debug|Any CPU.ActiveCfg = Debug|Any CPU
		{767ED1B4-57F0-42AF-B3B7-59E44532ECA5}.Debug|Any CPU.Build.0 = Debug|Any CPU
		{767ED1B4-57F0-42AF-B3B7-59E44532ECA5}.Debug|Mixed Platforms.ActiveCfg = Debug|Any CPU
		{767ED1B4-57F0-42AF-B3B7-59E44532ECA5}.Debug|Mixed Platforms.Build.0 = Debug|Any CPU
		{767ED1B4-57F0-42AF-B3B7-59E44532ECA5}.Debug|x86.ActiveCfg = Debug|Any CPU
		{767ED1B4-57F0-42AF-B3B7-59E44532ECA5}.Release|Any CPU.ActiveCfg = Release|Any CPU
		{767ED1B4-57F0-42AF-B3B7-59E44532ECA5}.Release|Any CPU.Build.0 = Release|Any CPU
		{767ED1B4-57F0-42AF-B3B7-59E44532ECA5}.Release|Mixed Platforms.ActiveCfg = Release|Any CPU
		{767ED1B4-57F0-42AF-B3B7-59E44532ECA5}.Release|Mixed Platforms.Build.0 = Release|Any CPU
		{767ED1B4-57F0-42AF-B3B7-59E44532ECA5}.Release|x86.ActiveCfg = Release|Any CPU
		{4D8BBEEF-42D9-45FA-97A3-A4F62D0A3F0E}.Debug|Any CPU.ActiveCfg = Debug|Any CPU
		{4D8BBEEF-42D9-45FA-97A3-A4F62D0A3F0E}.Debug|Any CPU.Build.0 = Debug|Any CPU
		{4D8BBEEF-42D9-45FA-97A3-A4F62D0A3F0E}.Debug|Mixed Platforms.ActiveCfg = Debug|Any CPU
		{4D8BBEEF-42D9-45FA-97A3-A4F62D0A3F0E}.Debug|Mixed Platforms.Build.0 = Debug|Any CPU
		{4D8BBEEF-42D9-45FA-97A3-A4F62D0A3F0E}.Debug|x86.ActiveCfg = Debug|Any CPU
		{4D8BBEEF-42D9-45FA-97A3-A4F62D0A3F0E}.Release|Any CPU.ActiveCfg = Release|Any CPU
		{4D8BBEEF-42D9-45FA-97A3-A4F62D0A3F0E}.Release|Any CPU.Build.0 = Release|Any CPU
		{4D8BBEEF-42D9-45FA-97A3-A4F62D0A3F0E}.Release|Mixed Platforms.ActiveCfg = Release|Any CPU
		{4D8BBEEF-42D9-45FA-97A3-A4F62D0A3F0E}.Release|Mixed Platforms.Build.0 = Release|Any CPU
		{4D8BBEEF-42D9-45FA-97A3-A4F62D0A3F0E}.Release|x86.ActiveCfg = Release|Any CPU
	EndGlobalSection
	GlobalSection(SolutionProperties) = preSolution
		HideSolutionNode = FALSE
	EndGlobalSection
	GlobalSection(NestedProjects) = preSolution
		{5BD64AB3-4253-4710-9B59-83A1187E285B} = {F42BB424-FB57-4334-87C6-7D813B1DFDC4}
		{C5569A93-34D9-4307-B601-BADA38ED665C} = {F42BB424-FB57-4334-87C6-7D813B1DFDC4}
		{1BF3F6C8-C54E-4520-9B3D-DBA39C1B02B0} = {F42BB424-FB57-4334-87C6-7D813B1DFDC4}
		{CDA41BA8-5689-4DFC-9DB3-0556CBCC9346} = {F42BB424-FB57-4334-87C6-7D813B1DFDC4}
		{767ED1B4-57F0-42AF-B3B7-59E44532ECA5} = {F42BB424-FB57-4334-87C6-7D813B1DFDC4}
		{4D8BBEEF-42D9-45FA-97A3-A4F62D0A3F0E} = {F42BB424-FB57-4334-87C6-7D813B1DFDC4}
		{A47D498D-E125-45FD-9603-4DC08ED492B9} = {52700ADE-E46C-4CAE-9709-E34C1712B486}
		{7FA8BE19-34C6-49B3-8C04-6E7F70736995} = {A52D6004-D9F7-43D9-B84A-E00A0C3FD2A0}
		{1A2FED2B-106B-4951-B8C6-B00AFEE7B3D4} = {5BD64AB3-4253-4710-9B59-83A1187E285B}
		{BA260E07-3E04-4EE2-8E62-A0B66480DCD6} = {5BD64AB3-4253-4710-9B59-83A1187E285B}
		{5DBDA689-2BD2-422E-B130-B05D5A2E56DF} = {60A92E2C-931D-4C05-B3CF-3A12289F9820}
	EndGlobalSection
EndGlobal
